set_global_assignment -name DEVICE AUTO
set_global_assignment -name TOP_LEVEL_ENTITY processador

set_global_assignment -name LAST_QUARTUS_VERSION "19.1.0 Lite Edition"
set_global_assignment -name FAMILY "MAX II"
set_global_assignment -name EDA_SIMULATION_TOOL "ModelSim-Altera (Verilog)"
set_global_assignment -name EDA_OUTPUT_DATA_FORMAT "VERILOG HDL" -section_id eda_simulation